
Microsoft Visual Studio Solution File, Format Version 12.00
# Visual Studio Version 17
VisualStudioVersion = 17.5.33530.505
MinimumVisualStudioVersion = 10.0.40219.1
Project("{FAE04EC0-301F-11D3-BF4B-00C04F79EFBC}") = "UnoApp3", "UnoApp3\UnoApp3\UnoApp3.csproj", "{D872D1D4-301C-4AE0-B35E-CF127353BFE8}"
EndProject
Project("{FAE04EC0-301F-11D3-BF4B-00C04F79EFBC}") = "UnoApp3.DataContracts", "UnoApp3\UnoApp3.DataContracts\UnoApp3.DataContracts.csproj", "{5C7FAE03-FFE5-4BCA-952D-F983FC116C6B}"
EndProject
Project("{2150E333-8FDC-42A3-9474-1A3956D46DE8}") = "Tests", "Tests", "{293F2C54-8C4B-4131-B439-5473816E0442}"
EndProject
Project("{9A19103F-16F7-4668-BE54-9A1E7A4F7556}") = "UnoApp3.Tests", "UnoApp3\UnoApp3.Tests\UnoApp3.Tests.csproj", "{8B768CF6-7400-44C3-882F-6E4B85587152}"
EndProject
Project("{9A19103F-16F7-4668-BE54-9A1E7A4F7556}") = "UnoApp3.UITests", "UnoApp3\UnoApp3.UITests\UnoApp3.UITests.csproj", "{C8EAA407-D5A2-49C6-AB63-2CAC8B87D472}"
EndProject
Project("{2150E333-8FDC-42A3-9474-1A3956D46DE8}") = "Backend", "Backend", "{838821EB-CF0F-4E3E-AC37-57DC3EA2655F}"
EndProject
Project("{9A19103F-16F7-4668-BE54-9A1E7A4F7556}") = "UnoApp3.Server", "UnoApp3\UnoApp3.Server\UnoApp3.Server.csproj", "{8F0DE00F-310D-4D7D-82D7-D26CF15D8722}"
EndProject
Project("{2150E333-8FDC-42A3-9474-1A3956D46DE8}") = "Platforms", "Platforms", "{644A1A3E-5EF4-4BC1-B2FE-27549BDE6128}"
EndProject
Project("{9A19103F-16F7-4668-BE54-9A1E7A4F7556}") = "UnoApp3.Mobile", "UnoApp3\UnoApp3.Mobile\UnoApp3.Mobile.csproj", "{6308EF4D-033D-4330-92B4-F94777EB569E}"
EndProject
Project("{9A19103F-16F7-4668-BE54-9A1E7A4F7556}") = "UnoApp3.Windows", "UnoApp3\UnoApp3.Windows\UnoApp3.Windows.csproj", "{69769362-A7B5-46C4-8082-B4508EE263FF}"
EndProject
Project("{9A19103F-16F7-4668-BE54-9A1E7A4F7556}") = "UnoApp3.Wasm", "UnoApp3\UnoApp3.Wasm\UnoApp3.Wasm.csproj", "{18961C4E-219E-4A68-91C3-CD6CFCE6F0EA}"
EndProject
Project("{9A19103F-16F7-4668-BE54-9A1E7A4F7556}") = "UnoApp3.Skia.Gtk", "UnoApp3\UnoApp3.Skia.Gtk\UnoApp3.Skia.Gtk.csproj", "{BDFF7630-7EF9-4D87-845C-A102CE8C7B91}"
EndProject
Global
	GlobalSection(SolutionConfigurationPlatforms) = preSolution
		Debug|Any CPU = Debug|Any CPU
		Debug|arm64 = Debug|arm64
		Debug|x64 = Debug|x64
		Debug|x86 = Debug|x86
		Release|Any CPU = Release|Any CPU
		Release|arm64 = Release|arm64
		Release|x64 = Release|x64
		Release|x86 = Release|x86
	EndGlobalSection
	GlobalSection(ProjectConfigurationPlatforms) = postSolution
		{D872D1D4-301C-4AE0-B35E-CF127353BFE8}.Debug|Any CPU.ActiveCfg = Debug|Any CPU
		{D872D1D4-301C-4AE0-B35E-CF127353BFE8}.Debug|Any CPU.Build.0 = Debug|Any CPU
		{D872D1D4-301C-4AE0-B35E-CF127353BFE8}.Debug|arm64.ActiveCfg = Debug|Any CPU
		{D872D1D4-301C-4AE0-B35E-CF127353BFE8}.Debug|arm64.Build.0 = Debug|Any CPU
		{D872D1D4-301C-4AE0-B35E-CF127353BFE8}.Debug|x64.ActiveCfg = Debug|Any CPU
		{D872D1D4-301C-4AE0-B35E-CF127353BFE8}.Debug|x64.Build.0 = Debug|Any CPU
		{D872D1D4-301C-4AE0-B35E-CF127353BFE8}.Debug|x86.ActiveCfg = Debug|Any CPU
		{D872D1D4-301C-4AE0-B35E-CF127353BFE8}.Debug|x86.Build.0 = Debug|Any CPU
		{D872D1D4-301C-4AE0-B35E-CF127353BFE8}.Release|Any CPU.ActiveCfg = Release|Any CPU
		{D872D1D4-301C-4AE0-B35E-CF127353BFE8}.Release|Any CPU.Build.0 = Release|Any CPU
		{D872D1D4-301C-4AE0-B35E-CF127353BFE8}.Release|arm64.ActiveCfg = Release|Any CPU
		{D872D1D4-301C-4AE0-B35E-CF127353BFE8}.Release|arm64.Build.0 = Release|Any CPU
		{D872D1D4-301C-4AE0-B35E-CF127353BFE8}.Release|x64.ActiveCfg = Release|Any CPU
		{D872D1D4-301C-4AE0-B35E-CF127353BFE8}.Release|x64.Build.0 = Release|Any CPU
		{D872D1D4-301C-4AE0-B35E-CF127353BFE8}.Release|x86.ActiveCfg = Release|Any CPU
		{D872D1D4-301C-4AE0-B35E-CF127353BFE8}.Release|x86.Build.0 = Release|Any CPU
		{5C7FAE03-FFE5-4BCA-952D-F983FC116C6B}.Debug|Any CPU.ActiveCfg = Debug|Any CPU
		{5C7FAE03-FFE5-4BCA-952D-F983FC116C6B}.Debug|Any CPU.Build.0 = Debug|Any CPU
		{5C7FAE03-FFE5-4BCA-952D-F983FC116C6B}.Debug|arm64.ActiveCfg = Debug|Any CPU
		{5C7FAE03-FFE5-4BCA-952D-F983FC116C6B}.Debug|arm64.Build.0 = Debug|Any CPU
		{5C7FAE03-FFE5-4BCA-952D-F983FC116C6B}.Debug|x64.ActiveCfg = Debug|Any CPU
		{5C7FAE03-FFE5-4BCA-952D-F983FC116C6B}.Debug|x64.Build.0 = Debug|Any CPU
		{5C7FAE03-FFE5-4BCA-952D-F983FC116C6B}.Debug|x86.ActiveCfg = Debug|Any CPU
		{5C7FAE03-FFE5-4BCA-952D-F983FC116C6B}.Debug|x86.Build.0 = Debug|Any CPU
		{5C7FAE03-FFE5-4BCA-952D-F983FC116C6B}.Release|Any CPU.ActiveCfg = Release|Any CPU
		{5C7FAE03-FFE5-4BCA-952D-F983FC116C6B}.Release|Any CPU.Build.0 = Release|Any CPU
		{5C7FAE03-FFE5-4BCA-952D-F983FC116C6B}.Release|arm64.ActiveCfg = Release|Any CPU
		{5C7FAE03-FFE5-4BCA-952D-F983FC116C6B}.Release|arm64.Build.0 = Release|Any CPU
		{5C7FAE03-FFE5-4BCA-952D-F983FC116C6B}.Release|x64.ActiveCfg = Release|Any CPU
		{5C7FAE03-FFE5-4BCA-952D-F983FC116C6B}.Release|x64.Build.0 = Release|Any CPU
		{5C7FAE03-FFE5-4BCA-952D-F983FC116C6B}.Release|x86.ActiveCfg = Release|Any CPU
		{5C7FAE03-FFE5-4BCA-952D-F983FC116C6B}.Release|x86.Build.0 = Release|Any CPU
		{8B768CF6-7400-44C3-882F-6E4B85587152}.Debug|Any CPU.ActiveCfg = Debug|Any CPU
		{8B768CF6-7400-44C3-882F-6E4B85587152}.Debug|Any CPU.Build.0 = Debug|Any CPU
		{8B768CF6-7400-44C3-882F-6E4B85587152}.Debug|arm64.ActiveCfg = Debug|Any CPU
		{8B768CF6-7400-44C3-882F-6E4B85587152}.Debug|arm64.Build.0 = Debug|Any CPU
		{8B768CF6-7400-44C3-882F-6E4B85587152}.Debug|x64.ActiveCfg = Debug|Any CPU
		{8B768CF6-7400-44C3-882F-6E4B85587152}.Debug|x64.Build.0 = Debug|Any CPU
		{8B768CF6-7400-44C3-882F-6E4B85587152}.Debug|x86.ActiveCfg = Debug|Any CPU
		{8B768CF6-7400-44C3-882F-6E4B85587152}.Debug|x86.Build.0 = Debug|Any CPU
		{8B768CF6-7400-44C3-882F-6E4B85587152}.Release|Any CPU.ActiveCfg = Release|Any CPU
		{8B768CF6-7400-44C3-882F-6E4B85587152}.Release|Any CPU.Build.0 = Release|Any CPU
		{8B768CF6-7400-44C3-882F-6E4B85587152}.Release|arm64.ActiveCfg = Release|Any CPU
		{8B768CF6-7400-44C3-882F-6E4B85587152}.Release|arm64.Build.0 = Release|Any CPU
		{8B768CF6-7400-44C3-882F-6E4B85587152}.Release|x64.ActiveCfg = Release|Any CPU
		{8B768CF6-7400-44C3-882F-6E4B85587152}.Release|x64.Build.0 = Release|Any CPU
		{8B768CF6-7400-44C3-882F-6E4B85587152}.Release|x86.ActiveCfg = Release|Any CPU
		{8B768CF6-7400-44C3-882F-6E4B85587152}.Release|x86.Build.0 = Release|Any CPU
		{C8EAA407-D5A2-49C6-AB63-2CAC8B87D472}.Debug|Any CPU.ActiveCfg = Debug|Any CPU
		{C8EAA407-D5A2-49C6-AB63-2CAC8B87D472}.Debug|Any CPU.Build.0 = Debug|Any CPU
		{C8EAA407-D5A2-49C6-AB63-2CAC8B87D472}.Debug|arm64.ActiveCfg = Debug|Any CPU
		{C8EAA407-D5A2-49C6-AB63-2CAC8B87D472}.Debug|arm64.Build.0 = Debug|Any CPU
		{C8EAA407-D5A2-49C6-AB63-2CAC8B87D472}.Debug|x64.ActiveCfg = Debug|Any CPU
		{C8EAA407-D5A2-49C6-AB63-2CAC8B87D472}.Debug|x64.Build.0 = Debug|Any CPU
		{C8EAA407-D5A2-49C6-AB63-2CAC8B87D472}.Debug|x86.ActiveCfg = Debug|Any CPU
		{C8EAA407-D5A2-49C6-AB63-2CAC8B87D472}.Debug|x86.Build.0 = Debug|Any CPU
		{C8EAA407-D5A2-49C6-AB63-2CAC8B87D472}.Release|Any CPU.ActiveCfg = Release|Any CPU
		{C8EAA407-D5A2-49C6-AB63-2CAC8B87D472}.Release|Any CPU.Build.0 = Release|Any CPU
		{C8EAA407-D5A2-49C6-AB63-2CAC8B87D472}.Release|arm64.ActiveCfg = Release|Any CPU
		{C8EAA407-D5A2-49C6-AB63-2CAC8B87D472}.Release|arm64.Build.0 = Release|Any CPU
		{C8EAA407-D5A2-49C6-AB63-2CAC8B87D472}.Release|x64.ActiveCfg = Release|Any CPU
		{C8EAA407-D5A2-49C6-AB63-2CAC8B87D472}.Release|x64.Build.0 = Release|Any CPU
		{C8EAA407-D5A2-49C6-AB63-2CAC8B87D472}.Release|x86.ActiveCfg = Release|Any CPU
		{C8EAA407-D5A2-49C6-AB63-2CAC8B87D472}.Release|x86.Build.0 = Release|Any CPU
		{8F0DE00F-310D-4D7D-82D7-D26CF15D8722}.Debug|Any CPU.ActiveCfg = Debug|Any CPU
		{8F0DE00F-310D-4D7D-82D7-D26CF15D8722}.Debug|Any CPU.Build.0 = Debug|Any CPU
		{8F0DE00F-310D-4D7D-82D7-D26CF15D8722}.Debug|arm64.ActiveCfg = Debug|Any CPU
		{8F0DE00F-310D-4D7D-82D7-D26CF15D8722}.Debug|arm64.Build.0 = Debug|Any CPU
		{8F0DE00F-310D-4D7D-82D7-D26CF15D8722}.Debug|x64.ActiveCfg = Debug|Any CPU
		{8F0DE00F-310D-4D7D-82D7-D26CF15D8722}.Debug|x64.Build.0 = Debug|Any CPU
		{8F0DE00F-310D-4D7D-82D7-D26CF15D8722}.Debug|x86.ActiveCfg = Debug|Any CPU
		{8F0DE00F-310D-4D7D-82D7-D26CF15D8722}.Debug|x86.Build.0 = Debug|Any CPU
		{8F0DE00F-310D-4D7D-82D7-D26CF15D8722}.Release|Any CPU.ActiveCfg = Release|Any CPU
		{8F0DE00F-310D-4D7D-82D7-D26CF15D8722}.Release|Any CPU.Build.0 = Release|Any CPU
		{8F0DE00F-310D-4D7D-82D7-D26CF15D8722}.Release|arm64.ActiveCfg = Release|Any CPU
		{8F0DE00F-310D-4D7D-82D7-D26CF15D8722}.Release|arm64.Build.0 = Release|Any CPU
		{8F0DE00F-310D-4D7D-82D7-D26CF15D8722}.Release|x64.ActiveCfg = Release|Any CPU
		{8F0DE00F-310D-4D7D-82D7-D26CF15D8722}.Release|x64.Build.0 = Release|Any CPU
		{8F0DE00F-310D-4D7D-82D7-D26CF15D8722}.Release|x86.ActiveCfg = Release|Any CPU
		{8F0DE00F-310D-4D7D-82D7-D26CF15D8722}.Release|x86.Build.0 = Release|Any CPU
		{6308EF4D-033D-4330-92B4-F94777EB569E}.Debug|Any CPU.ActiveCfg = Debug|Any CPU
		{6308EF4D-033D-4330-92B4-F94777EB569E}.Debug|Any CPU.Build.0 = Debug|Any CPU
		{6308EF4D-033D-4330-92B4-F94777EB569E}.Debug|Any CPU.Deploy.0 = Debug|Any CPU
		{6308EF4D-033D-4330-92B4-F94777EB569E}.Debug|arm64.ActiveCfg = Debug|Any CPU
		{6308EF4D-033D-4330-92B4-F94777EB569E}.Debug|arm64.Build.0 = Debug|Any CPU
		{6308EF4D-033D-4330-92B4-F94777EB569E}.Debug|arm64.Deploy.0 = Debug|Any CPU
		{6308EF4D-033D-4330-92B4-F94777EB569E}.Debug|x64.ActiveCfg = Debug|Any CPU
		{6308EF4D-033D-4330-92B4-F94777EB569E}.Debug|x64.Build.0 = Debug|Any CPU
		{6308EF4D-033D-4330-92B4-F94777EB569E}.Debug|x64.Deploy.0 = Debug|Any CPU
		{6308EF4D-033D-4330-92B4-F94777EB569E}.Debug|x86.ActiveCfg = Debug|Any CPU
		{6308EF4D-033D-4330-92B4-F94777EB569E}.Debug|x86.Build.0 = Debug|Any CPU
		{6308EF4D-033D-4330-92B4-F94777EB569E}.Debug|x86.Deploy.0 = Debug|Any CPU
		{6308EF4D-033D-4330-92B4-F94777EB569E}.Release|Any CPU.ActiveCfg = Release|Any CPU
		{6308EF4D-033D-4330-92B4-F94777EB569E}.Release|Any CPU.Build.0 = Release|Any CPU
		{6308EF4D-033D-4330-92B4-F94777EB569E}.Release|Any CPU.Deploy.0 = Release|Any CPU
		{6308EF4D-033D-4330-92B4-F94777EB569E}.Release|arm64.ActiveCfg = Release|Any CPU
		{6308EF4D-033D-4330-92B4-F94777EB569E}.Release|arm64.Build.0 = Release|Any CPU
		{6308EF4D-033D-4330-92B4-F94777EB569E}.Release|arm64.Deploy.0 = Release|Any CPU
		{6308EF4D-033D-4330-92B4-F94777EB569E}.Release|x64.ActiveCfg = Release|Any CPU
		{6308EF4D-033D-4330-92B4-F94777EB569E}.Release|x64.Build.0 = Release|Any CPU
		{6308EF4D-033D-4330-92B4-F94777EB569E}.Release|x64.Deploy.0 = Release|Any CPU
		{6308EF4D-033D-4330-92B4-F94777EB569E}.Release|x86.ActiveCfg = Release|Any CPU
		{6308EF4D-033D-4330-92B4-F94777EB569E}.Release|x86.Build.0 = Release|Any CPU
		{6308EF4D-033D-4330-92B4-F94777EB569E}.Release|x86.Deploy.0 = Release|Any CPU
		{69769362-A7B5-46C4-8082-B4508EE263FF}.Debug|Any CPU.ActiveCfg = Debug|x64
		{69769362-A7B5-46C4-8082-B4508EE263FF}.Debug|Any CPU.Build.0 = Debug|x64
		{69769362-A7B5-46C4-8082-B4508EE263FF}.Debug|Any CPU.Deploy.0 = Debug|x64
		{69769362-A7B5-46C4-8082-B4508EE263FF}.Debug|arm64.ActiveCfg = Debug|arm64
		{69769362-A7B5-46C4-8082-B4508EE263FF}.Debug|arm64.Build.0 = Debug|arm64
		{69769362-A7B5-46C4-8082-B4508EE263FF}.Debug|arm64.Deploy.0 = Debug|arm64
		{69769362-A7B5-46C4-8082-B4508EE263FF}.Debug|x64.ActiveCfg = Debug|x64
		{69769362-A7B5-46C4-8082-B4508EE263FF}.Debug|x64.Build.0 = Debug|x64
		{69769362-A7B5-46C4-8082-B4508EE263FF}.Debug|x64.Deploy.0 = Debug|x64
		{69769362-A7B5-46C4-8082-B4508EE263FF}.Debug|x86.ActiveCfg = Debug|x86
		{69769362-A7B5-46C4-8082-B4508EE263FF}.Debug|x86.Build.0 = Debug|x86
		{69769362-A7B5-46C4-8082-B4508EE263FF}.Debug|x86.Deploy.0 = Debug|x86
		{69769362-A7B5-46C4-8082-B4508EE263FF}.Release|Any CPU.ActiveCfg = Release|x64
		{69769362-A7B5-46C4-8082-B4508EE263FF}.Release|Any CPU.Build.0 = Release|x64
		{69769362-A7B5-46C4-8082-B4508EE263FF}.Release|Any CPU.Deploy.0 = Release|x64
		{69769362-A7B5-46C4-8082-B4508EE263FF}.Release|arm64.ActiveCfg = Release|arm64
		{69769362-A7B5-46C4-8082-B4508EE263FF}.Release|arm64.Build.0 = Release|arm64
		{69769362-A7B5-46C4-8082-B4508EE263FF}.Release|arm64.Deploy.0 = Release|arm64
		{69769362-A7B5-46C4-8082-B4508EE263FF}.Release|x64.ActiveCfg = Release|x64
		{69769362-A7B5-46C4-8082-B4508EE263FF}.Release|x64.Build.0 = Release|x64
		{69769362-A7B5-46C4-8082-B4508EE263FF}.Release|x64.Deploy.0 = Release|x64
		{69769362-A7B5-46C4-8082-B4508EE263FF}.Release|x86.ActiveCfg = Release|x86
		{69769362-A7B5-46C4-8082-B4508EE263FF}.Release|x86.Build.0 = Release|x86
		{69769362-A7B5-46C4-8082-B4508EE263FF}.Release|x86.Deploy.0 = Release|x86
		{18961C4E-219E-4A68-91C3-CD6CFCE6F0EA}.Debug|Any CPU.ActiveCfg = Debug|Any CPU
		{18961C4E-219E-4A68-91C3-CD6CFCE6F0EA}.Debug|Any CPU.Build.0 = Debug|Any CPU
		{18961C4E-219E-4A68-91C3-CD6CFCE6F0EA}.Debug|arm64.ActiveCfg = Debug|Any CPU
		{18961C4E-219E-4A68-91C3-CD6CFCE6F0EA}.Debug|arm64.Build.0 = Debug|Any CPU
		{18961C4E-219E-4A68-91C3-CD6CFCE6F0EA}.Debug|x64.ActiveCfg = Debug|Any CPU
		{18961C4E-219E-4A68-91C3-CD6CFCE6F0EA}.Debug|x64.Build.0 = Debug|Any CPU
		{18961C4E-219E-4A68-91C3-CD6CFCE6F0EA}.Debug|x86.ActiveCfg = Debug|Any CPU
		{18961C4E-219E-4A68-91C3-CD6CFCE6F0EA}.Debug|x86.Build.0 = Debug|Any CPU
		{18961C4E-219E-4A68-91C3-CD6CFCE6F0EA}.Release|Any CPU.ActiveCfg = Release|Any CPU
		{18961C4E-219E-4A68-91C3-CD6CFCE6F0EA}.Release|Any CPU.Build.0 = Release|Any CPU
		{18961C4E-219E-4A68-91C3-CD6CFCE6F0EA}.Release|arm64.ActiveCfg = Release|Any CPU
		{18961C4E-219E-4A68-91C3-CD6CFCE6F0EA}.Release|arm64.Build.0 = Release|Any CPU
		{18961C4E-219E-4A68-91C3-CD6CFCE6F0EA}.Release|x64.ActiveCfg = Release|Any CPU
		{18961C4E-219E-4A68-91C3-CD6CFCE6F0EA}.Release|x64.Build.0 = Release|Any CPU
		{18961C4E-219E-4A68-91C3-CD6CFCE6F0EA}.Release|x86.ActiveCfg = Release|Any CPU
		{18961C4E-219E-4A68-91C3-CD6CFCE6F0EA}.Release|x86.Build.0 = Release|Any CPU
		{BDFF7630-7EF9-4D87-845C-A102CE8C7B91}.Debug|Any CPU.ActiveCfg = Debug|Any CPU
		{BDFF7630-7EF9-4D87-845C-A102CE8C7B91}.Debug|Any CPU.Build.0 = Debug|Any CPU
		{BDFF7630-7EF9-4D87-845C-A102CE8C7B91}.Debug|arm64.ActiveCfg = Debug|Any CPU
		{BDFF7630-7EF9-4D87-845C-A102CE8C7B91}.Debug|arm64.Build.0 = Debug|Any CPU
		{BDFF7630-7EF9-4D87-845C-A102CE8C7B91}.Debug|x64.ActiveCfg = Debug|Any CPU
		{BDFF7630-7EF9-4D87-845C-A102CE8C7B91}.Debug|x64.Build.0 = Debug|Any CPU
		{BDFF7630-7EF9-4D87-845C-A102CE8C7B91}.Debug|x86.ActiveCfg = Debug|Any CPU
		{BDFF7630-7EF9-4D87-845C-A102CE8C7B91}.Debug|x86.Build.0 = Debug|Any CPU
		{BDFF7630-7EF9-4D87-845C-A102CE8C7B91}.Release|Any CPU.ActiveCfg = Release|Any CPU
		{BDFF7630-7EF9-4D87-845C-A102CE8C7B91}.Release|Any CPU.Build.0 = Release|Any CPU
		{BDFF7630-7EF9-4D87-845C-A102CE8C7B91}.Release|arm64.ActiveCfg = Release|Any CPU
		{BDFF7630-7EF9-4D87-845C-A102CE8C7B91}.Release|arm64.Build.0 = Release|Any CPU
		{BDFF7630-7EF9-4D87-845C-A102CE8C7B91}.Release|x64.ActiveCfg = Release|Any CPU
		{BDFF7630-7EF9-4D87-845C-A102CE8C7B91}.Release|x64.Build.0 = Release|Any CPU
		{BDFF7630-7EF9-4D87-845C-A102CE8C7B91}.Release|x86.ActiveCfg = Release|Any CPU
		{BDFF7630-7EF9-4D87-845C-A102CE8C7B91}.Release|x86.Build.0 = Release|Any CPU
	EndGlobalSection
	GlobalSection(SolutionProperties) = preSolution
		HideSolutionNode = FALSE
	EndGlobalSection
	GlobalSection(NestedProjects) = preSolution
		{8B768CF6-7400-44C3-882F-6E4B85587152} = {293F2C54-8C4B-4131-B439-5473816E0442}
		{C8EAA407-D5A2-49C6-AB63-2CAC8B87D472} = {293F2C54-8C4B-4131-B439-5473816E0442}
		{8F0DE00F-310D-4D7D-82D7-D26CF15D8722} = {838821EB-CF0F-4E3E-AC37-57DC3EA2655F}
		{6308EF4D-033D-4330-92B4-F94777EB569E} = {644A1A3E-5EF4-4BC1-B2FE-27549BDE6128}
		{69769362-A7B5-46C4-8082-B4508EE263FF} = {644A1A3E-5EF4-4BC1-B2FE-27549BDE6128}
		{18961C4E-219E-4A68-91C3-CD6CFCE6F0EA} = {644A1A3E-5EF4-4BC1-B2FE-27549BDE6128}
		{BDFF7630-7EF9-4D87-845C-A102CE8C7B91} = {644A1A3E-5EF4-4BC1-B2FE-27549BDE6128}
	EndGlobalSection
	GlobalSection(ExtensibilityGlobals) = postSolution
		SolutionGuid = {7E6ACFA4-AB8A-4479-91EB-D22CE7AE4D7F}
	EndGlobalSection
EndGlobal
